
Microsoft Visual Studio Solution File, Format Version 12.00
# Visual Studio Version 17
VisualStudioVersion = 17.4.33122.133
MinimumVisualStudioVersion = 10.0.40219.1
Project("{FAE04EC0-301F-11D3-BF4B-00C04F79EFBC}") = "POV", "POV\POV.csproj", "{562740DB-9A6B-44DE-86D2-07A76D69857D}"
EndProject
Global
	GlobalSection(SolutionConfigurationPlatforms) = preSolution
		Debug|Any CPU = Debug|Any CPU
		Release|Any CPU = Release|Any CPU
	EndGlobalSection
	GlobalSection(ProjectConfigurationPlatforms) = postSolution
		{562740DB-9A6B-44DE-86D2-07A76D69857D}.Debug|Any CPU.ActiveCfg = Debug|Any CPU
		{562740DB-9A6B-44DE-86D2-07A76D69857D}.Debug|Any CPU.Build.0 = Debug|Any CPU
		{562740DB-9A6B-44DE-86D2-07A76D69857D}.Release|Any CPU.ActiveCfg = Release|Any CPU
		{562740DB-9A6B-44DE-86D2-07A76D69857D}.Release|Any CPU.Build.0 = Release|Any CPU
	EndGlobalSection
	GlobalSection(SolutionProperties) = preSolution
		HideSolutionNode = FALSE
	EndGlobalSection
	GlobalSection(ExtensibilityGlobals) = postSolution
		SolutionGuid = {06C03C02-1CFE-4B30-88CD-AE6068BCC57C}
	EndGlobalSection
EndGlobal
